
Microsoft Visual Studio Solution File, Format Version 12.00
# Visual Studio 2013
VisualStudioVersion = 12.0.31101.0
MinimumVisualStudioVersion = 10.0.40219.1
Project("{FAE04EC0-301F-11D3-BF4B-00C04F79EFBC}") = "Sektor_podbora_i_razvitiya_personala.ODataBackend", "ODataBackend/Sektor_podbora_i_razvitiya_personala.ODataBackend.csproj", "{538E0D50-8C55-455A-83A1-A264B437FB95}"
EndProject
Project("{FAE04EC0-301F-11D3-BF4B-00C04F79EFBC}") = "Sektor_podbora_i_razvitiya_personala.Objects", "Objects/Sektor_podbora_i_razvitiya_personala.Objects.csproj", "{C36B6AA6-C69B-466B-9A90-8FE863D37B48}"
EndProject
Global
	GlobalSection(SolutionConfigurationPlatforms) = preSolution
Debug|Any CPU = Debug|Any CPU
Release|Any CPU = Release|Any CPU
	EndGlobalSection
	GlobalSection(ProjectConfigurationPlatforms) = postSolution
		{538E0D50-8C55-455A-83A1-A264B437FB95}.Debug|Any CPU.ActiveCfg = Debug|Any CPU
		{538E0D50-8C55-455A-83A1-A264B437FB95}.Debug|Any CPU.Build.0 = Debug|Any CPU
		{538E0D50-8C55-455A-83A1-A264B437FB95}.Release|Any CPU.ActiveCfg = Release|Any CPU
		{538E0D50-8C55-455A-83A1-A264B437FB95}.Release|Any CPU.Build.0 = Release|Any CPU
		{C36B6AA6-C69B-466B-9A90-8FE863D37B48}.Debug|Any CPU.ActiveCfg = Debug|Any CPU
		{C36B6AA6-C69B-466B-9A90-8FE863D37B48}.Debug|Any CPU.Build.0 = Debug|Any CPU
		{C36B6AA6-C69B-466B-9A90-8FE863D37B48}.Release|Any CPU.ActiveCfg = Release|Any CPU
		{C36B6AA6-C69B-466B-9A90-8FE863D37B48}.Release|Any CPU.Build.0 = Release|Any CPU
	EndGlobalSection
	GlobalSection(SolutionProperties) = preSolution
		HideSolutionNode = FALSE
	EndGlobalSection
EndGlobal
